
Microsoft Visual Studio Solution File, Format Version 12.00
# Visual Studio Version 17
VisualStudioVersion = 17.4.33103.184
MinimumVisualStudioVersion = 10.0.40219.1
Project("{FAE04EC0-301F-11D3-BF4B-00C04F79EFBC}") = "Appium5WAD", "Appium5WAD.csproj", "{655021B6-5C50-48C8-AD04-A9F2AB0BA0F9}"
EndProject
Global
	GlobalSection(SolutionConfigurationPlatforms) = preSolution
		Debug|Any CPU = Debug|Any CPU
		Release|Any CPU = Release|Any CPU
	EndGlobalSection
	GlobalSection(ProjectConfigurationPlatforms) = postSolution
		{655021B6-5C50-48C8-AD04-A9F2AB0BA0F9}.Debug|Any CPU.ActiveCfg = Debug|Any CPU
		{655021B6-5C50-48C8-AD04-A9F2AB0BA0F9}.Debug|Any CPU.Build.0 = Debug|Any CPU
		{655021B6-5C50-48C8-AD04-A9F2AB0BA0F9}.Release|Any CPU.ActiveCfg = Release|Any CPU
		{655021B6-5C50-48C8-AD04-A9F2AB0BA0F9}.Release|Any CPU.Build.0 = Release|Any CPU
	EndGlobalSection
	GlobalSection(SolutionProperties) = preSolution
		HideSolutionNode = FALSE
	EndGlobalSection
	GlobalSection(ExtensibilityGlobals) = postSolution
		SolutionGuid = {3CCD8EE7-B508-43DD-B288-9F2630683FA1}
	EndGlobalSection
EndGlobal
